<?xml version="1.0" encoding="utf-8"?>
<Project ToolsVersion="4.0" xmlns="http://schemas.microsoft.com/developer/msbuild/2003">
  <ItemGroup>
    <ClCompile Include="Source\Main.cpp" />
    <ClCompile Include="Source\App.cpp" />
    <ClCompile Include="Source\Audio.cpp" />
    <ClCompile Include="Source\Input.cpp" />
    <ClCompile Include="Source\PhysicsEngine.cpp" />
    <ClCompile Include="Source\Player.cpp" />
    <ClCompile Include="Source\Scene.cpp" />
    <ClCompile Include="Source\Render.cpp" />
    <ClCompile Include="Source\Textures.cpp" />
    <ClCompile Include="Source\Timer.cpp" />
    <ClCompile Include="Source\Window.cpp" />
    <ClCompile Include="Source\Log.cpp" />
  </ItemGroup>
  <ItemGroup>
    <ClInclude Include="Source\Animation.h" />
    <ClInclude Include="Source\Globals.h" />
    <ClInclude Include="Source\p2DynArray.h" />
    <ClInclude Include="Source\p2List.h" />
    <ClInclude Include="Source\p2Point.h" />
    <ClInclude Include="Source\PhysicsEngine.h" />
    <ClInclude Include="Source\Player.h" />
    <ClInclude Include="Source\Scene.h" />
    <ClInclude Include="Source\Audio.h" />
    <ClInclude Include="Source\Input.h" />
    <ClInclude Include="Source\App.h" />
    <ClInclude Include="Source\Module.h" />
    <ClInclude Include="Source\Render.h" />
    <ClInclude Include="Source\Textures.h" />
    <ClInclude Include="Source\Timer.h" />
    <ClInclude Include="Source\Window.h" />
    <ClInclude Include="Source\Defs.h" />
    <ClInclude Include="Source\Log.h" />
    <ClInclude Include="Source\SString.h" />
    <ClInclude Include="Source\reBody.h">
      <Filter>Rocket Engine</Filter>
    </ClInclude>
    <ClInclude Include="Source\reVec2.h">
      <Filter>Rocket Engine</Filter>
    </ClInclude>
  </ItemGroup>
  <ItemGroup>
    <Filter Include="Rocket Engine">
      <UniqueIdentifier>{595dd7d1-af04-43e2-8ece-8b9315072c5e}</UniqueIdentifier>
    </Filter>
  </ItemGroup>
</Project>